
Microsoft Visual Studio Solution File, Format Version 12.00
# Visual Studio Version 17
VisualStudioVersion = 17.14.36408.4 d17.14
MinimumVisualStudioVersion = 10.0.40219.1
Project("{FAE04EC0-301F-11D3-BF4B-00C04F79EFBC}") = "WindowsFormsApp2", "WindowsFormsApp2\WindowsFormsApp2.csproj", "{85260A0C-2007-4147-89D0-2B423A36C816}"
EndProject
Global
	GlobalSection(SolutionConfigurationPlatforms) = preSolution
		Debug|Any CPU = Debug|Any CPU
		Release|Any CPU = Release|Any CPU
	EndGlobalSection
	GlobalSection(ProjectConfigurationPlatforms) = postSolution
		{85260A0C-2007-4147-89D0-2B423A36C816}.Debug|Any CPU.ActiveCfg = Debug|Any CPU
		{85260A0C-2007-4147-89D0-2B423A36C816}.Debug|Any CPU.Build.0 = Debug|Any CPU
		{85260A0C-2007-4147-89D0-2B423A36C816}.Release|Any CPU.ActiveCfg = Release|Any CPU
		{85260A0C-2007-4147-89D0-2B423A36C816}.Release|Any CPU.Build.0 = Release|Any CPU
	EndGlobalSection
	GlobalSection(SolutionProperties) = preSolution
		HideSolutionNode = FALSE
	EndGlobalSection
	GlobalSection(ExtensibilityGlobals) = postSolution
		SolutionGuid = {F919C603-3AF5-41A4-BAF6-DE946994D0D4}
	EndGlobalSection
EndGlobal
